
Microsoft Visual Studio Solution File, Format Version 12.00
# Visual Studio 15
VisualStudioVersion = 15.0.27428.2037
MinimumVisualStudioVersion = 10.0.40219.1
Project("{FAE04EC0-301F-11D3-BF4B-00C04F79EFBC}") = "IBP2018", "IBP2018\IBP2018.csproj", "{23FF723C-C391-4103-B98B-0279F4470F1D}"
EndProject
Project("{FAE04EC0-301F-11D3-BF4B-00C04F79EFBC}") = "Quintessence.MotionDriverModel", "Quintessence.MotionDriverModel\Quintessence.MotionDriverModel.csproj", "{8173879C-CE59-432A-BAC5-C00F9CB186A9}"
EndProject
Project("{FAE04EC0-301F-11D3-BF4B-00C04F79EFBC}") = "Quintessence.MotionDriverViewModel", "Quintessence.MotionDriverViewModel\Quintessence.MotionDriverViewModel.csproj", "{2FF36F13-AFAF-4033-8A2C-B9414C8E7DED}"
EndProject
Project("{FAE04EC0-301F-11D3-BF4B-00C04F79EFBC}") = "Quintessence.MeterModel", "Quintessence.MeterModel\Quintessence.MeterModel.csproj", "{480791AA-EAD6-4A39-A9A0-92076D01767A}"
EndProject
Project("{FAE04EC0-301F-11D3-BF4B-00C04F79EFBC}") = "Quintessence.MeterViewModel", "Quintessence.MeterViewModel\Quintessence.MeterViewModel.csproj", "{A968A79E-9D88-492B-9346-A0C323421783}"
EndProject
Global
	GlobalSection(SolutionConfigurationPlatforms) = preSolution
		Debug|Any CPU = Debug|Any CPU
		Release|Any CPU = Release|Any CPU
	EndGlobalSection
	GlobalSection(ProjectConfigurationPlatforms) = postSolution
		{23FF723C-C391-4103-B98B-0279F4470F1D}.Debug|Any CPU.ActiveCfg = Debug|Any CPU
		{23FF723C-C391-4103-B98B-0279F4470F1D}.Debug|Any CPU.Build.0 = Debug|Any CPU
		{23FF723C-C391-4103-B98B-0279F4470F1D}.Release|Any CPU.ActiveCfg = Release|Any CPU
		{23FF723C-C391-4103-B98B-0279F4470F1D}.Release|Any CPU.Build.0 = Release|Any CPU
		{8173879C-CE59-432A-BAC5-C00F9CB186A9}.Debug|Any CPU.ActiveCfg = Debug|Any CPU
		{8173879C-CE59-432A-BAC5-C00F9CB186A9}.Debug|Any CPU.Build.0 = Debug|Any CPU
		{8173879C-CE59-432A-BAC5-C00F9CB186A9}.Release|Any CPU.ActiveCfg = Release|Any CPU
		{8173879C-CE59-432A-BAC5-C00F9CB186A9}.Release|Any CPU.Build.0 = Release|Any CPU
		{2FF36F13-AFAF-4033-8A2C-B9414C8E7DED}.Debug|Any CPU.ActiveCfg = Debug|Any CPU
		{2FF36F13-AFAF-4033-8A2C-B9414C8E7DED}.Debug|Any CPU.Build.0 = Debug|Any CPU
		{2FF36F13-AFAF-4033-8A2C-B9414C8E7DED}.Release|Any CPU.ActiveCfg = Release|Any CPU
		{2FF36F13-AFAF-4033-8A2C-B9414C8E7DED}.Release|Any CPU.Build.0 = Release|Any CPU
		{480791AA-EAD6-4A39-A9A0-92076D01767A}.Debug|Any CPU.ActiveCfg = Debug|Any CPU
		{480791AA-EAD6-4A39-A9A0-92076D01767A}.Debug|Any CPU.Build.0 = Debug|Any CPU
		{480791AA-EAD6-4A39-A9A0-92076D01767A}.Release|Any CPU.ActiveCfg = Release|Any CPU
		{480791AA-EAD6-4A39-A9A0-92076D01767A}.Release|Any CPU.Build.0 = Release|Any CPU
		{A968A79E-9D88-492B-9346-A0C323421783}.Debug|Any CPU.ActiveCfg = Debug|Any CPU
		{A968A79E-9D88-492B-9346-A0C323421783}.Debug|Any CPU.Build.0 = Debug|Any CPU
		{A968A79E-9D88-492B-9346-A0C323421783}.Release|Any CPU.ActiveCfg = Release|Any CPU
		{A968A79E-9D88-492B-9346-A0C323421783}.Release|Any CPU.Build.0 = Release|Any CPU
	EndGlobalSection
	GlobalSection(SolutionProperties) = preSolution
		HideSolutionNode = FALSE
	EndGlobalSection
	GlobalSection(ExtensibilityGlobals) = postSolution
		SolutionGuid = {39298E28-0F9C-4A2E-91CD-282E89E8A6A0}
	EndGlobalSection
EndGlobal
